
Microsoft Visual Studio Solution File, Format Version 12.00
# Visual Studio Version 16
VisualStudioVersion = 16.0.29025.244
MinimumVisualStudioVersion = 10.0.40219.1
Project("{FAE04EC0-301F-11D3-BF4B-00C04F79EFBC}") = "POSE", "POSE\POSE.csproj", "{146E83D8-A3EA-4F5E-BF9D-7CDF20078262}"
EndProject
Global
	GlobalSection(SolutionConfigurationPlatforms) = preSolution
		Debug|Any CPU = Debug|Any CPU
		Release|Any CPU = Release|Any CPU
	EndGlobalSection
	GlobalSection(ProjectConfigurationPlatforms) = postSolution
		{146E83D8-A3EA-4F5E-BF9D-7CDF20078262}.Debug|Any CPU.ActiveCfg = Debug|Any CPU
		{146E83D8-A3EA-4F5E-BF9D-7CDF20078262}.Debug|Any CPU.Build.0 = Debug|Any CPU
		{146E83D8-A3EA-4F5E-BF9D-7CDF20078262}.Release|Any CPU.ActiveCfg = Release|Any CPU
		{146E83D8-A3EA-4F5E-BF9D-7CDF20078262}.Release|Any CPU.Build.0 = Release|Any CPU
	EndGlobalSection
	GlobalSection(SolutionProperties) = preSolution
		HideSolutionNode = FALSE
	EndGlobalSection
	GlobalSection(ExtensibilityGlobals) = postSolution
		SolutionGuid = {7A5E3EDA-91A2-41AD-8BBF-F091F0D9AEDD}
	EndGlobalSection
EndGlobal
